
Microsoft Visual Studio Solution File, Format Version 12.00
# Visual Studio Version 16
VisualStudioVersion = 16.0.28531.58
MinimumVisualStudioVersion = 10.0.40219.1
Project("{151D2E53-A2C4-4D7D-83FE-D05416EBD58E}") = "AzureStaticWeb.Provisioning", "AzureStaticWeb.Provisioning\AzureStaticWeb.Provisioning.deployproj", "{17AFE219-2CBA-41B1-B0E9-4FA39B0836F4}"
EndProject
Global
	GlobalSection(SolutionConfigurationPlatforms) = preSolution
		Debug|Any CPU = Debug|Any CPU
		Release|Any CPU = Release|Any CPU
	EndGlobalSection
	GlobalSection(ProjectConfigurationPlatforms) = postSolution
		{17AFE219-2CBA-41B1-B0E9-4FA39B0836F4}.Debug|Any CPU.ActiveCfg = Debug|Any CPU
		{17AFE219-2CBA-41B1-B0E9-4FA39B0836F4}.Debug|Any CPU.Build.0 = Debug|Any CPU
		{17AFE219-2CBA-41B1-B0E9-4FA39B0836F4}.Release|Any CPU.ActiveCfg = Release|Any CPU
		{17AFE219-2CBA-41B1-B0E9-4FA39B0836F4}.Release|Any CPU.Build.0 = Release|Any CPU
	EndGlobalSection
	GlobalSection(SolutionProperties) = preSolution
		HideSolutionNode = FALSE
	EndGlobalSection
	GlobalSection(ExtensibilityGlobals) = postSolution
		SolutionGuid = {7B32B5E2-6C60-4AEF-B2FA-50650993ED2E}
	EndGlobalSection
EndGlobal
